Microsoft Visual Studio Solution File, Format Version 9.00
# Visual Studio 2005
Project("{FAE04EC0-301F-11D3-BF4B-00C04F79EFBC}") = "InputBox", "InputBox\InputBox.csproj", "{8B45F0B6-AD4B-4E08-854D-C3530707B38C}"
EndProject
Project("{FAE04EC0-301F-11D3-BF4B-00C04F79EFBC}") = "InputBox.Test", "InputBox.Test\InputBox.Test.csproj", "{8E088AA6-74C3-4FC5-BB97-1C9DBD4991F2}"
EndProject
Global
	GlobalSection(SolutionConfigurationPlatforms) = preSolution
		Debug|Any CPU = Debug|Any CPU
		Release|Any CPU = Release|Any CPU
	EndGlobalSection
	GlobalSection(ProjectConfigurationPlatforms) = postSolution
		{8B45F0B6-AD4B-4E08-854D-C3530707B38C}.Debug|Any CPU.ActiveCfg = Debug|Any CPU
		{8B45F0B6-AD4B-4E08-854D-C3530707B38C}.Debug|Any CPU.Build.0 = Debug|Any CPU
		{8B45F0B6-AD4B-4E08-854D-C3530707B38C}.Release|Any CPU.ActiveCfg = Release|Any CPU
		{8B45F0B6-AD4B-4E08-854D-C3530707B38C}.Release|Any CPU.Build.0 = Release|Any CPU
		{8E088AA6-74C3-4FC5-BB97-1C9DBD4991F2}.Debug|Any CPU.ActiveCfg = Debug|Any CPU
		{8E088AA6-74C3-4FC5-BB97-1C9DBD4991F2}.Debug|Any CPU.Build.0 = Debug|Any CPU
		{8E088AA6-74C3-4FC5-BB97-1C9DBD4991F2}.Release|Any CPU.ActiveCfg = Release|Any CPU
		{8E088AA6-74C3-4FC5-BB97-1C9DBD4991F2}.Release|Any CPU.Build.0 = Release|Any CPU
	EndGlobalSection
	GlobalSection(SolutionProperties) = preSolution
		HideSolutionNode = FALSE
	EndGlobalSection
EndGlobal
